
Microsoft Visual Studio Solution File, Format Version 12.00
# Visual Studio Version 16
VisualStudioVersion = 16.0.29324.140
MinimumVisualStudioVersion = 10.0.40219.1
Project("{FAE04EC0-301F-11D3-BF4B-00C04F79EFBC}") = "Assignment2", "Assignment2.csproj", "{E2283F3A-6EE9-45F9-8F10-DCA8B671448C}"
EndProject
Global
	GlobalSection(SolutionConfigurationPlatforms) = preSolution
		Debug|Any CPU = Debug|Any CPU
		Release|Any CPU = Release|Any CPU
	EndGlobalSection
	GlobalSection(ProjectConfigurationPlatforms) = postSolution
		{E2283F3A-6EE9-45F9-8F10-DCA8B671448C}.Debug|Any CPU.ActiveCfg = Debug|Any CPU
		{E2283F3A-6EE9-45F9-8F10-DCA8B671448C}.Debug|Any CPU.Build.0 = Debug|Any CPU
		{E2283F3A-6EE9-45F9-8F10-DCA8B671448C}.Release|Any CPU.ActiveCfg = Release|Any CPU
		{E2283F3A-6EE9-45F9-8F10-DCA8B671448C}.Release|Any CPU.Build.0 = Release|Any CPU
	EndGlobalSection
	GlobalSection(SolutionProperties) = preSolution
		HideSolutionNode = FALSE
	EndGlobalSection
	GlobalSection(ExtensibilityGlobals) = postSolution
		SolutionGuid = {56B1EBB1-3CAC-4EEB-8929-9D521D26C893}
	EndGlobalSection
EndGlobal
